// !$*UTF8*$!
{
	archiveVersion = 1;
	classes = {
	};
	objectVersion = 77;
	objects = {

/* Begin PBXBuildFile section */
		878F14842E282B94001A5DD1 /* AppIcon.icon in Resources */ = {isa = PBXBuildFile; fileRef = 878F14832E282B94001A5DD1 /* AppIcon.icon */; };
		878F148A2E282C13001A5DD1 /* AppIcon.icon in Resources */ = {isa = PBXBuildFile; fileRef = 878F14832E282B94001A5DD1 /* AppIcon.icon */; };
		87FE4D722E0D241200163BCE /* WidgetKit.framework in Frameworks */ = {isa = PBXBuildFile; fileRef = 87FE4D712E0D241200163BCE /* WidgetKit.framework */; };
		87FE4D742E0D241200163BCE /* SwiftUI.framework in Frameworks */ = {isa = PBXBuildFile; fileRef = 87FE4D732E0D241200163BCE /* SwiftUI.framework */; };
		87FE4D832E0D241300163BCE /* BeszelWidgetExtension.appex in Embed Foundation Extensions */ = {isa = PBXBuildFile; fileRef = 87FE4D6F2E0D241200163BCE /* BeszelWidgetExtension.appex */; settings = {ATTRIBUTES = (RemoveHeadersOnCopy, ); }; };
/* End PBXBuildFile section */

/* Begin PBXContainerItemProxy section */
		87FE4D812E0D241300163BCE /* PBXContainerItemProxy */ = {
			isa = PBXContainerItemProxy;
			containerPortal = 87EB266D2E05AAAE002A98E2 /* Project object */;
			proxyType = 1;
			remoteGlobalIDString = 87FE4D6E2E0D241200163BCE;
			remoteInfo = BeszelWidgetExtension;
		};
/* End PBXContainerItemProxy section */

/* Begin PBXCopyFilesBuildPhase section */
		87FE4D842E0D241300163BCE /* Embed Foundation Extensions */ = {
			isa = PBXCopyFilesBuildPhase;
			buildActionMask = 2147483647;
			dstPath = "";
			dstSubfolderSpec = 13;
			files = (
				87FE4D832E0D241300163BCE /* BeszelWidgetExtension.appex in Embed Foundation Extensions */,
			);
			name = "Embed Foundation Extensions";
			runOnlyForDeploymentPostprocessing = 0;
		};
/* End PBXCopyFilesBuildPhase section */

/* Begin PBXFileReference section */
		878F14832E282B94001A5DD1 /* AppIcon.icon */ = {isa = PBXFileReference; lastKnownFileType = folder.iconcomposer.icon; path = AppIcon.icon; sourceTree = "<group>"; };
		87AB833C2E283E9D002B66DB /* AuthenticationServices.framework */ = {isa = PBXFileReference; lastKnownFileType = wrapper.framework; name = AuthenticationServices.framework; path = System/Library/Frameworks/AuthenticationServices.framework; sourceTree = SDKROOT; };
		87EB26752E05AAAE002A98E2 /* Beszel.app */ = {isa = PBXFileReference; explicitFileType = wrapper.application; includeInIndex = 0; path = Beszel.app; sourceTree = BUILT_PRODUCTS_DIR; };
		87FE4D6F2E0D241200163BCE /* BeszelWidgetExtension.appex */ = {isa = PBXFileReference; explicitFileType = "wrapper.app-extension"; includeInIndex = 0; path = BeszelWidgetExtension.appex; sourceTree = BUILT_PRODUCTS_DIR; };
		87FE4D712E0D241200163BCE /* WidgetKit.framework */ = {isa = PBXFileReference; lastKnownFileType = wrapper.framework; name = WidgetKit.framework; path = System/Library/Frameworks/WidgetKit.framework; sourceTree = SDKROOT; };
		87FE4D732E0D241200163BCE /* SwiftUI.framework */ = {isa = PBXFileReference; lastKnownFileType = wrapper.framework; name = SwiftUI.framework; path = System/Library/Frameworks/SwiftUI.framework; sourceTree = SDKROOT; };
		87FE4DA62E0D25CD00163BCE /* BeszelWidgetExtension.entitlements */ = {isa = PBXFileReference; lastKnownFileType = text.plist.entitlements; path = BeszelWidgetExtension.entitlements; sourceTree = "<group>"; };
		87FE4DA72E0D25F300163BCE /* Beszel.entitlements */ = {isa = PBXFileReference; lastKnownFileType = text.plist.entitlements; path = Beszel.entitlements; sourceTree = "<group>"; };
/* End PBXFileReference section */

/* Begin PBXFileSystemSynchronizedBuildFileExceptionSet section */
		8762CB6D2EF1AB8B004E45A0 /* Exceptions for "BeszelWidget" folder in "Beszel" target */ = {
			isa = PBXFileSystemSynchronizedBuildFileExceptionSet;
			membershipExceptions = (
				AppIntent.swift,
			);
			target = 87EB26742E05AAAE002A98E2 /* Beszel */;
		};
		87FE4D872E0D241300163BCE /* Exceptions for "BeszelWidget" folder in "BeszelWidgetExtension" target */ = {
			isa = PBXFileSystemSynchronizedBuildFileExceptionSet;
			membershipExceptions = (
				Info.plist,
			);
			target = 87FE4D6E2E0D241200163BCE /* BeszelWidgetExtension */;
		};
		87FE4D942E0D24E200163BCE /* Exceptions for "Beszel-companion" folder in "BeszelWidgetExtension" target */ = {
			isa = PBXFileSystemSynchronizedBuildFileExceptionSet;
			membershipExceptions = (
				Configuration/AppConstants.swift,
				"Configuration/Extensions/DateFormatter+Extensions.swift",
				"Configuration/Extensions/UserDefaults+Extensions.swift",
				Configuration/KeychainHelper.swift,
				Configuration/LocalizationKeys.swift,
				Localizable.xcstrings,
				Models/API/AuthModels.swift,
				Models/API/AuthResponse.swift,
				Models/API/ContainerStatsRecord.swift,
				Models/API/PocketBaseResponse.swift,
				Models/API/SystemRecord.swift,
				Models/API/SystemStatsRecord.swift,
				Models/Charts/StackedChartData.swift,
				Models/Charts/StatPoint.swift,
				Models/Charts/SystemDataPoint.swift,
				Models/Charts/WidgetChartType.swift,
				Models/Domain/DownsampleMethod.swift,
				Models/Domain/Instance.swift,
				Models/Domain/Language.swift,
				Models/Domain/PinnedItem.swift,
				Models/Domain/TimeRangeOption.swift,
				Services/API/BeszelAPIService.swift,
				Services/API/OnboardingAPIService.swift,
				Services/Managers/DashboardManager.swift,
				Services/Managers/InstanceManager.swift,
				Services/Managers/LanguageManager.swift,
				Services/Managers/SettingsManager.swift,
				Services/Store/BeszelStore.swift,
				UI/Common/Charts/Metrics/SystemBandwidthChartView.swift,
				UI/Common/Charts/Metrics/SystemDiskIOChartView.swift,
				UI/Common/Charts/Metrics/SystemLoadChartView.swift,
				UI/Common/Charts/Metrics/SystemMetricChartView.swift,
				UI/Common/Charts/Metrics/SystemTemperatureChartView.swift,
				UI/Common/Charts/Theme/ChartTheme.swift,
				UI/Common/Components/LazyView.swift,
				UI/Common/Components/PinButtonView.swift,
				UI/Common/Components/ScreenHeaderView.swift,
				UI/Common/Components/SystemSummaryCard.swift,
				UI/Common/Switchers/InstanceSwitcherView.swift,
				UI/Common/Switchers/SystemSwitcherView.swift,
			);
			target = 87FE4D6E2E0D241200163BCE /* BeszelWidgetExtension */;
		};
/* End PBXFileSystemSynchronizedBuildFileExceptionSet section */

/* Begin PBXFileSystemSynchronizedRootGroup section */
		87EB26772E05AAAE002A98E2 /* Beszel-companion */ = {
			isa = PBXFileSystemSynchronizedRootGroup;
			exceptions = (
				87FE4D942E0D24E200163BCE /* Exceptions for "Beszel-companion" folder in "BeszelWidgetExtension" target */,
			);
			path = "Beszel-companion";
			sourceTree = "<group>";
		};
		87FE4D752E0D241200163BCE /* BeszelWidget */ = {
			isa = PBXFileSystemSynchronizedRootGroup;
			exceptions = (
				8762CB6D2EF1AB8B004E45A0 /* Exceptions for "BeszelWidget" folder in "Beszel" target */,
				87FE4D872E0D241300163BCE /* Exceptions for "BeszelWidget" folder in "BeszelWidgetExtension" target */,
			);
			path = BeszelWidget;
			sourceTree = "<group>";
		};
/* End PBXFileSystemSynchronizedRootGroup section */

/* Begin PBXFrameworksBuildPhase section */
		87EB26722E05AAAE002A98E2 /* Frameworks */ = {
			isa = PBXFrameworksBuildPhase;
			buildActionMask = 2147483647;
			files = (
			);
			runOnlyForDeploymentPostprocessing = 0;
		};
		87FE4D6C2E0D241200163BCE /* Frameworks */ = {
			isa = PBXFrameworksBuildPhase;
			buildActionMask = 2147483647;
			files = (
				87FE4D742E0D241200163BCE /* SwiftUI.framework in Frameworks */,
				87FE4D722E0D241200163BCE /* WidgetKit.framework in Frameworks */,
			);
			runOnlyForDeploymentPostprocessing = 0;
		};
/* End PBXFrameworksBuildPhase section */

/* Begin PBXGroup section */
		87EB266C2E05AAAE002A98E2 = {
			isa = PBXGroup;
			children = (
				878F14832E282B94001A5DD1 /* AppIcon.icon */,
				87FE4DA72E0D25F300163BCE /* Beszel.entitlements */,
				87FE4DA62E0D25CD00163BCE /* BeszelWidgetExtension.entitlements */,
				87EB26772E05AAAE002A98E2 /* Beszel-companion */,
				87FE4D752E0D241200163BCE /* BeszelWidget */,
				87FE4D702E0D241200163BCE /* Frameworks */,
				87EB26762E05AAAE002A98E2 /* Products */,
			);
			sourceTree = "<group>";
		};
		87EB26762E05AAAE002A98E2 /* Products */ = {
			isa = PBXGroup;
			children = (
				87EB26752E05AAAE002A98E2 /* Beszel.app */,
				87FE4D6F2E0D241200163BCE /* BeszelWidgetExtension.appex */,
			);
			name = Products;
			sourceTree = "<group>";
		};
		87FE4D702E0D241200163BCE /* Frameworks */ = {
			isa = PBXGroup;
			children = (
				87AB833C2E283E9D002B66DB /* AuthenticationServices.framework */,
				87FE4D712E0D241200163BCE /* WidgetKit.framework */,
				87FE4D732E0D241200163BCE /* SwiftUI.framework */,
			);
			name = Frameworks;
			sourceTree = "<group>";
		};
/* End PBXGroup section */

/* Begin PBXNativeTarget section */
		87EB26742E05AAAE002A98E2 /* Beszel */ = {
			isa = PBXNativeTarget;
			buildConfigurationList = 87EB26962E05AAB0002A98E2 /* Build configuration list for PBXNativeTarget "Beszel" */;
			buildPhases = (
				87EB26712E05AAAE002A98E2 /* Sources */,
				87EB26722E05AAAE002A98E2 /* Frameworks */,
				87EB26732E05AAAE002A98E2 /* Resources */,
				87FE4D842E0D241300163BCE /* Embed Foundation Extensions */,
			);
			buildRules = (
			);
			dependencies = (
				87FE4D822E0D241300163BCE /* PBXTargetDependency */,
			);
			fileSystemSynchronizedGroups = (
				87EB26772E05AAAE002A98E2 /* Beszel-companion */,
			);
			name = Beszel;
			packageProductDependencies = (
			);
			productName = "Beszel-companion";
			productReference = 87EB26752E05AAAE002A98E2 /* Beszel.app */;
			productType = "com.apple.product-type.application";
		};
		87FE4D6E2E0D241200163BCE /* BeszelWidgetExtension */ = {
			isa = PBXNativeTarget;
			buildConfigurationList = 87FE4D882E0D241300163BCE /* Build configuration list for PBXNativeTarget "BeszelWidgetExtension" */;
			buildPhases = (
				87FE4D6B2E0D241200163BCE /* Sources */,
				87FE4D6C2E0D241200163BCE /* Frameworks */,
				87FE4D6D2E0D241200163BCE /* Resources */,
			);
			buildRules = (
			);
			dependencies = (
			);
			fileSystemSynchronizedGroups = (
				87FE4D752E0D241200163BCE /* BeszelWidget */,
			);
			name = BeszelWidgetExtension;
			packageProductDependencies = (
			);
			productName = BeszelWidgetExtension;
			productReference = 87FE4D6F2E0D241200163BCE /* BeszelWidgetExtension.appex */;
			productType = "com.apple.product-type.app-extension";
		};
/* End PBXNativeTarget section */

/* Begin PBXProject section */
		87EB266D2E05AAAE002A98E2 /* Project object */ = {
			isa = PBXProject;
			attributes = {
				BuildIndependentTargetsInParallel = 1;
				LastSwiftUpdateCheck = 2600;
				LastUpgradeCheck = 2600;
				TargetAttributes = {
					87EB26742E05AAAE002A98E2 = {
						CreatedOnToolsVersion = 26.0;
					};
					87FE4D6E2E0D241200163BCE = {
						CreatedOnToolsVersion = 26.0;
					};
				};
			};
			buildConfigurationList = 87EB26702E05AAAE002A98E2 /* Build configuration list for PBXProject "Beszel" */;
			developmentRegion = en;
			hasScannedForEncodings = 0;
			knownRegions = (
				en,
				Base,
			);
			mainGroup = 87EB266C2E05AAAE002A98E2;
			minimizedProjectReferenceProxies = 1;
			preferredProjectObjectVersion = 77;
			productRefGroup = 87EB26762E05AAAE002A98E2 /* Products */;
			projectDirPath = "";
			projectRoot = "";
			targets = (
				87EB26742E05AAAE002A98E2 /* Beszel */,
				87FE4D6E2E0D241200163BCE /* BeszelWidgetExtension */,
			);
		};
/* End PBXProject section */

/* Begin PBXResourcesBuildPhase section */
		87EB26732E05AAAE002A98E2 /* Resources */ = {
			isa = PBXResourcesBuildPhase;
			buildActionMask = 2147483647;
			files = (
				878F14842E282B94001A5DD1 /* AppIcon.icon in Resources */,
			);
			runOnlyForDeploymentPostprocessing = 0;
		};
		87FE4D6D2E0D241200163BCE /* Resources */ = {
			isa = PBXResourcesBuildPhase;
			buildActionMask = 2147483647;
			files = (
				878F148A2E282C13001A5DD1 /* AppIcon.icon in Resources */,
			);
			runOnlyForDeploymentPostprocessing = 0;
		};
/* End PBXResourcesBuildPhase section */

/* Begin PBXSourcesBuildPhase section */
		87EB26712E05AAAE002A98E2 /* Sources */ = {
			isa = PBXSourcesBuildPhase;
			buildActionMask = 2147483647;
			files = (
			);
			runOnlyForDeploymentPostprocessing = 0;
		};
		87FE4D6B2E0D241200163BCE /* Sources */ = {
			isa = PBXSourcesBuildPhase;
			buildActionMask = 2147483647;
			files = (
			);
			runOnlyForDeploymentPostprocessing = 0;
		};
/* End PBXSourcesBuildPhase section */

/* Begin PBXTargetDependency section */
		87FE4D822E0D241300163BCE /* PBXTargetDependency */ = {
			isa = PBXTargetDependency;
			target = 87FE4D6E2E0D241200163BCE /* BeszelWidgetExtension */;
			targetProxy = 87FE4D812E0D241300163BCE /* PBXContainerItemProxy */;
		};
/* End PBXTargetDependency section */

/* Begin XCBuildConfiguration section */
		87EB26942E05AAB0002A98E2 /* Debug */ = {
			isa = XCBuildConfiguration;
			buildSettings = {
				ALWAYS_SEARCH_USER_PATHS = NO;
				ASSETCATALOG_COMPILER_GENERATE_SWIFT_ASSET_SYMBOL_EXTENSIONS = YES;
				CLANG_ANALYZER_NONNULL = YES;
				CLANG_ANALYZER_NUMBER_OBJECT_CONVERSION = YES_AGGRESSIVE;
				CLANG_CXX_LANGUAGE_STANDARD = "gnu++20";
				CLANG_ENABLE_MODULES = YES;
				CLANG_ENABLE_OBJC_ARC = YES;
				CLANG_ENABLE_OBJC_WEAK = YES;
				CLANG_WARN_BLOCK_CAPTURE_AUTORELEASING = YES;
				CLANG_WARN_BOOL_CONVERSION = YES;
				CLANG_WARN_COMMA = YES;
				CLANG_WARN_CONSTANT_CONVERSION = YES;
				CLANG_WARN_DEPRECATED_OBJC_IMPLEMENTATIONS = YES;
				CLANG_WARN_DIRECT_OBJC_ISA_USAGE = YES_ERROR;
				CLANG_WARN_DOCUMENTATION_COMMENTS = YES;
				CLANG_WARN_EMPTY_BODY = YES;
				CLANG_WARN_ENUM_CONVERSION = YES;
				CLANG_WARN_INFINITE_RECURSION = YES;
				CLANG_WARN_INT_CONVERSION = YES;
				CLANG_WARN_NON_LITERAL_NULL_CONVERSION = YES;
				CLANG_WARN_OBJC_IMPLICIT_RETAIN_SELF = YES;
				CLANG_WARN_OBJC_LITERAL_CONVERSION = YES;
				CLANG_WARN_OBJC_ROOT_CLASS = YES_ERROR;
				CLANG_WARN_QUOTED_INCLUDE_IN_FRAMEWORK_HEADER = YES;
				CLANG_WARN_RANGE_LOOP_ANALYSIS = YES;
				CLANG_WARN_STRICT_PROTOTYPES = YES;
				CLANG_WARN_SUSPICIOUS_MOVE = YES;
				CLANG_WARN_UNGUARDED_AVAILABILITY = YES_AGGRESSIVE;
				CLANG_WARN_UNREACHABLE_CODE = YES;
				CLANG_WARN__DUPLICATE_METHOD_MATCH = YES;
				COPY_PHASE_STRIP = NO;
				DEBUG_INFORMATION_FORMAT = dwarf;
				DEVELOPMENT_TEAM = VZFD28P342;
				ENABLE_STRICT_OBJC_MSGSEND = YES;
				ENABLE_TESTABILITY = YES;
				ENABLE_USER_SCRIPT_SANDBOXING = YES;
				GCC_C_LANGUAGE_STANDARD = gnu17;
				GCC_DYNAMIC_NO_PIC = NO;
				GCC_NO_COMMON_BLOCKS = YES;
				GCC_OPTIMIZATION_LEVEL = 0;
				GCC_PREPROCESSOR_DEFINITIONS = (
					"DEBUG=1",
					"$(inherited)",
				);
				GCC_WARN_64_TO_32_BIT_CONVERSION = YES;
				GCC_WARN_ABOUT_RETURN_TYPE = YES_ERROR;
				GCC_WARN_UNDECLARED_SELECTOR = YES;
				GCC_WARN_UNINITIALIZED_AUTOS = YES_AGGRESSIVE;
				GCC_WARN_UNUSED_FUNCTION = YES;
				GCC_WARN_UNUSED_VARIABLE = YES;
				INFOPLIST_KEY_ITSAppUsesNonExemptEncryption = YES;
				IPHONEOS_DEPLOYMENT_TARGET = 26.0;
				LOCALIZATION_PREFERS_STRING_CATALOGS = YES;
				MTL_ENABLE_DEBUG_INFO = INCLUDE_SOURCE;
				MTL_FAST_MATH = YES;
				ONLY_ACTIVE_ARCH = YES;
				SDKROOT = iphoneos;
				SWIFT_ACTIVE_COMPILATION_CONDITIONS = "DEBUG $(inherited)";
				SWIFT_OPTIMIZATION_LEVEL = "-Onone";
				SWIFT_VERSION = 6.0;
			};
			name = Debug;
		};
		87EB26952E05AAB0002A98E2 /* Release */ = {
			isa = XCBuildConfiguration;
			buildSettings = {
				ALWAYS_SEARCH_USER_PATHS = NO;
				ASSETCATALOG_COMPILER_GENERATE_SWIFT_ASSET_SYMBOL_EXTENSIONS = YES;
				CLANG_ANALYZER_NONNULL = YES;
				CLANG_ANALYZER_NUMBER_OBJECT_CONVERSION = YES_AGGRESSIVE;
				CLANG_CXX_LANGUAGE_STANDARD = "gnu++20";
				CLANG_ENABLE_MODULES = YES;
				CLANG_ENABLE_OBJC_ARC = YES;
				CLANG_ENABLE_OBJC_WEAK = YES;
				CLANG_WARN_BLOCK_CAPTURE_AUTORELEASING = YES;
				CLANG_WARN_BOOL_CONVERSION = YES;
				CLANG_WARN_COMMA = YES;
				CLANG_WARN_CONSTANT_CONVERSION = YES;
				CLANG_WARN_DEPRECATED_OBJC_IMPLEMENTATIONS = YES;
				CLANG_WARN_DIRECT_OBJC_ISA_USAGE = YES_ERROR;
				CLANG_WARN_DOCUMENTATION_COMMENTS = YES;
				CLANG_WARN_EMPTY_BODY = YES;
				CLANG_WARN_ENUM_CONVERSION = YES;
				CLANG_WARN_INFINITE_RECURSION = YES;
				CLANG_WARN_INT_CONVERSION = YES;
				CLANG_WARN_NON_LITERAL_NULL_CONVERSION = YES;
				CLANG_WARN_OBJC_IMPLICIT_RETAIN_SELF = YES;
				CLANG_WARN_OBJC_LITERAL_CONVERSION = YES;
				CLANG_WARN_OBJC_ROOT_CLASS = YES_ERROR;
				CLANG_WARN_QUOTED_INCLUDE_IN_FRAMEWORK_HEADER = YES;
				CLANG_WARN_RANGE_LOOP_ANALYSIS = YES;
				CLANG_WARN_STRICT_PROTOTYPES = YES;
				CLANG_WARN_SUSPICIOUS_MOVE = YES;
				CLANG_WARN_UNGUARDED_AVAILABILITY = YES_AGGRESSIVE;
				CLANG_WARN_UNREACHABLE_CODE = YES;
				CLANG_WARN__DUPLICATE_METHOD_MATCH = YES;
				COPY_PHASE_STRIP = NO;
				DEBUG_INFORMATION_FORMAT = "dwarf-with-dsym";
				DEVELOPMENT_TEAM = VZFD28P342;
				ENABLE_NS_ASSERTIONS = NO;
				ENABLE_STRICT_OBJC_MSGSEND = YES;
				ENABLE_USER_SCRIPT_SANDBOXING = YES;
				GCC_C_LANGUAGE_STANDARD = gnu17;
				GCC_NO_COMMON_BLOCKS = YES;
				GCC_WARN_64_TO_32_BIT_CONVERSION = YES;
				GCC_WARN_ABOUT_RETURN_TYPE = YES_ERROR;
				GCC_WARN_UNDECLARED_SELECTOR = YES;
				GCC_WARN_UNINITIALIZED_AUTOS = YES_AGGRESSIVE;
				GCC_WARN_UNUSED_FUNCTION = YES;
				GCC_WARN_UNUSED_VARIABLE = YES;
				INFOPLIST_KEY_ITSAppUsesNonExemptEncryption = YES;
				IPHONEOS_DEPLOYMENT_TARGET = 26.0;
				LOCALIZATION_PREFERS_STRING_CATALOGS = YES;
				MTL_ENABLE_DEBUG_INFO = NO;
				MTL_FAST_MATH = YES;
				SDKROOT = iphoneos;
				SWIFT_COMPILATION_MODE = wholemodule;
				SWIFT_VERSION = 6.0;
				VALIDATE_PRODUCT = YES;
			};
			name = Release;
		};
		87EB26972E05AAB0002A98E2 /* Debug */ = {
			isa = XCBuildConfiguration;
			buildSettings = {
				ASSETCATALOG_COMPILER_APPICON_NAME = AppIcon;
				ASSETCATALOG_COMPILER_GLOBAL_ACCENT_COLOR_NAME = AccentColor;
				ASSETCATALOG_COMPILER_INCLUDE_ALL_APPICON_ASSETS = NO;
				CODE_SIGN_ENTITLEMENTS = Beszel.entitlements;
				CODE_SIGN_STYLE = Automatic;
				CURRENT_PROJECT_VERSION = 3;
				DEVELOPMENT_TEAM = VZFD28P342;
				ENABLE_PREVIEWS = YES;
				GENERATE_INFOPLIST_FILE = YES;
				INFOPLIST_FILE = "Beszel-Info.plist";
				INFOPLIST_KEY_ITSAppUsesNonExemptEncryption = NO;
				INFOPLIST_KEY_LSApplicationCategoryType = "public.app-category.developer-tools";
				INFOPLIST_KEY_UIApplicationSceneManifest_Generation = YES;
				INFOPLIST_KEY_UIApplicationSupportsIndirectInputEvents = YES;
				INFOPLIST_KEY_UILaunchScreen_Generation = YES;
				INFOPLIST_KEY_UISupportedInterfaceOrientations = UIInterfaceOrientationPortrait;
				INFOPLIST_KEY_UISupportedInterfaceOrientations_iPad = "UIInterfaceOrientationLandscapeLeft UIInterfaceOrientationLandscapeRight UIInterfaceOrientationPortrait UIInterfaceOrientationPortraitUpsideDown";
				IPHONEOS_DEPLOYMENT_TARGET = 18.0;
				LD_RUNPATH_SEARCH_PATHS = (
					"$(inherited)",
					"@executable_path/Frameworks",
				);
				MARKETING_VERSION = 2.6;
				PRODUCT_BUNDLE_IDENTIFIER = com.nohitdev.Beszel;
				PRODUCT_NAME = "$(TARGET_NAME)";
				STRING_CATALOG_GENERATE_SYMBOLS = YES;
				SUPPORTED_PLATFORMS = "iphoneos iphonesimulator";
				SUPPORTS_MACCATALYST = NO;
				SUPPORTS_MAC_DESIGNED_FOR_IPHONE_IPAD = NO;
				SUPPORTS_XR_DESIGNED_FOR_IPHONE_IPAD = NO;
				SWIFT_DEFAULT_ACTOR_ISOLATION = MainActor;
				SWIFT_EMIT_LOC_STRINGS = YES;
				SWIFT_UPCOMING_FEATURE_MEMBER_IMPORT_VISIBILITY = YES;
				SWIFT_VERSION = 5.0;
				TARGETED_DEVICE_FAMILY = 1;
			};
			name = Debug;
		};
		87EB26982E05AAB0002A98E2 /* Release */ = {
			isa = XCBuildConfiguration;
			buildSettings = {
				ASSETCATALOG_COMPILER_APPICON_NAME = AppIcon;
				ASSETCATALOG_COMPILER_GLOBAL_ACCENT_COLOR_NAME = AccentColor;
				ASSETCATALOG_COMPILER_INCLUDE_ALL_APPICON_ASSETS = NO;
				CODE_SIGN_ENTITLEMENTS = Beszel.entitlements;
				CODE_SIGN_STYLE = Automatic;
				CURRENT_PROJECT_VERSION = 3;
				DEVELOPMENT_TEAM = VZFD28P342;
				ENABLE_PREVIEWS = YES;
				GENERATE_INFOPLIST_FILE = YES;
				INFOPLIST_FILE = "Beszel-Info.plist";
				INFOPLIST_KEY_ITSAppUsesNonExemptEncryption = NO;
				INFOPLIST_KEY_LSApplicationCategoryType = "public.app-category.developer-tools";
				INFOPLIST_KEY_UIApplicationSceneManifest_Generation = YES;
				INFOPLIST_KEY_UIApplicationSupportsIndirectInputEvents = YES;
				INFOPLIST_KEY_UILaunchScreen_Generation = YES;
				INFOPLIST_KEY_UISupportedInterfaceOrientations = UIInterfaceOrientationPortrait;
				INFOPLIST_KEY_UISupportedInterfaceOrientations_iPad = "UIInterfaceOrientationLandscapeLeft UIInterfaceOrientationLandscapeRight UIInterfaceOrientationPortrait UIInterfaceOrientationPortraitUpsideDown";
				IPHONEOS_DEPLOYMENT_TARGET = 18.0;
				LD_RUNPATH_SEARCH_PATHS = (
					"$(inherited)",
					"@executable_path/Frameworks",
				);
				MARKETING_VERSION = 2.6;
				PRODUCT_BUNDLE_IDENTIFIER = com.nohitdev.Beszel;
				PRODUCT_NAME = "$(TARGET_NAME)";
				STRING_CATALOG_GENERATE_SYMBOLS = YES;
				SUPPORTED_PLATFORMS = "iphoneos iphonesimulator";
				SUPPORTS_MACCATALYST = NO;
				SUPPORTS_MAC_DESIGNED_FOR_IPHONE_IPAD = NO;
				SUPPORTS_XR_DESIGNED_FOR_IPHONE_IPAD = NO;
				SWIFT_DEFAULT_ACTOR_ISOLATION = MainActor;
				SWIFT_EMIT_LOC_STRINGS = YES;
				SWIFT_UPCOMING_FEATURE_MEMBER_IMPORT_VISIBILITY = YES;
				SWIFT_VERSION = 5.0;
				TARGETED_DEVICE_FAMILY = 1;
			};
			name = Release;
		};
		87FE4D852E0D241300163BCE /* Debug */ = {
			isa = XCBuildConfiguration;
			buildSettings = {
				ASSETCATALOG_COMPILER_GLOBAL_ACCENT_COLOR_NAME = AccentColor;
				ASSETCATALOG_COMPILER_WIDGET_BACKGROUND_COLOR_NAME = WidgetBackground;
				CODE_SIGN_ENTITLEMENTS = BeszelWidgetExtension.entitlements;
				CODE_SIGN_STYLE = Automatic;
				CURRENT_PROJECT_VERSION = 3;
				DEVELOPMENT_TEAM = VZFD28P342;
				GENERATE_INFOPLIST_FILE = YES;
				INFOPLIST_FILE = BeszelWidget/Info.plist;
				INFOPLIST_KEY_CFBundleDisplayName = BeszelWidget;
				INFOPLIST_KEY_NSHumanReadableCopyright = "";
				IPHONEOS_DEPLOYMENT_TARGET = 18.0;
				LD_RUNPATH_SEARCH_PATHS = (
					"$(inherited)",
					"@executable_path/Frameworks",
					"@executable_path/../../Frameworks",
				);
				MARKETING_VERSION = 2.6;
				PRODUCT_BUNDLE_IDENTIFIER = com.nohitdev.Beszel.BeszelWidget;
				PRODUCT_NAME = "$(TARGET_NAME)";
				SKIP_INSTALL = YES;
				STRING_CATALOG_GENERATE_SYMBOLS = YES;
				SUPPORTED_PLATFORMS = "iphoneos iphonesimulator";
				SUPPORTS_MACCATALYST = NO;
				SUPPORTS_MAC_DESIGNED_FOR_IPHONE_IPAD = NO;
				SUPPORTS_XR_DESIGNED_FOR_IPHONE_IPAD = NO;
				SWIFT_EMIT_LOC_STRINGS = YES;
				SWIFT_UPCOMING_FEATURE_MEMBER_IMPORT_VISIBILITY = YES;
				SWIFT_VERSION = 5.0;
				TARGETED_DEVICE_FAMILY = 1;
			};
			name = Debug;
		};
		87FE4D862E0D241300163BCE /* Release */ = {
			isa = XCBuildConfiguration;
			buildSettings = {
				ASSETCATALOG_COMPILER_GLOBAL_ACCENT_COLOR_NAME = AccentColor;
				ASSETCATALOG_COMPILER_WIDGET_BACKGROUND_COLOR_NAME = WidgetBackground;
				CODE_SIGN_ENTITLEMENTS = BeszelWidgetExtension.entitlements;
				CODE_SIGN_STYLE = Automatic;
				CURRENT_PROJECT_VERSION = 3;
				DEVELOPMENT_TEAM = VZFD28P342;
				GENERATE_INFOPLIST_FILE = YES;
				INFOPLIST_FILE = BeszelWidget/Info.plist;
				INFOPLIST_KEY_CFBundleDisplayName = BeszelWidget;
				INFOPLIST_KEY_NSHumanReadableCopyright = "";
				IPHONEOS_DEPLOYMENT_TARGET = 18.0;
				LD_RUNPATH_SEARCH_PATHS = (
					"$(inherited)",
					"@executable_path/Frameworks",
					"@executable_path/../../Frameworks",
				);
				MARKETING_VERSION = 2.6;
				PRODUCT_BUNDLE_IDENTIFIER = com.nohitdev.Beszel.BeszelWidget;
				PRODUCT_NAME = "$(TARGET_NAME)";
				SKIP_INSTALL = YES;
				STRING_CATALOG_GENERATE_SYMBOLS = YES;
				SUPPORTED_PLATFORMS = "iphoneos iphonesimulator";
				SUPPORTS_MACCATALYST = NO;
				SUPPORTS_MAC_DESIGNED_FOR_IPHONE_IPAD = NO;
				SUPPORTS_XR_DESIGNED_FOR_IPHONE_IPAD = NO;
				SWIFT_EMIT_LOC_STRINGS = YES;
				SWIFT_UPCOMING_FEATURE_MEMBER_IMPORT_VISIBILITY = YES;
				SWIFT_VERSION = 5.0;
				TARGETED_DEVICE_FAMILY = 1;
			};
			name = Release;
		};
/* End XCBuildConfiguration section */

/* Begin XCConfigurationList section */
		87EB26702E05AAAE002A98E2 /* Build configuration list for PBXProject "Beszel" */ = {
			isa = XCConfigurationList;
			buildConfigurations = (
				87EB26942E05AAB0002A98E2 /* Debug */,
				87EB26952E05AAB0002A98E2 /* Release */,
			);
			defaultConfigurationIsVisible = 0;
			defaultConfigurationName = Release;
		};
		87EB26962E05AAB0002A98E2 /* Build configuration list for PBXNativeTarget "Beszel" */ = {
			isa = XCConfigurationList;
			buildConfigurations = (
				87EB26972E05AAB0002A98E2 /* Debug */,
				87EB26982E05AAB0002A98E2 /* Release */,
			);
			defaultConfigurationIsVisible = 0;
			defaultConfigurationName = Release;
		};
		87FE4D882E0D241300163BCE /* Build configuration list for PBXNativeTarget "BeszelWidgetExtension" */ = {
			isa = XCConfigurationList;
			buildConfigurations = (
				87FE4D852E0D241300163BCE /* Debug */,
				87FE4D862E0D241300163BCE /* Release */,
			);
			defaultConfigurationIsVisible = 0;
			defaultConfigurationName = Release;
		};
/* End XCConfigurationList section */
	};
	rootObject = 87EB266D2E05AAAE002A98E2 /* Project object */;
}
